{
  "object": {
    "pins": [
      {
        "package": "Fuse",
        "repositoryURL": "https://github.com/krisk/fuse-swift.git",
        "state": {
          "branch": null,
          "revision": "26ba868691b2d8b7bf2b1322951eb591be70ccca",
          "version": "1.4.0"
        }
      }
    ]
  },
  "version": 1
}
